
Microsoft Visual Studio Solution File, Format Version 12.00
# Visual Studio Version 17
VisualStudioVersion = 17.2.32630.192
MinimumVisualStudioVersion = 10.0.40219.1
Project("{9A19103F-16F7-4668-BE54-9A1E7A4F7556}") = "R5T.T0150.Construction", "R5T.T0150.Construction\R5T.T0150.Construction.csproj", "{E9F4448D-DB36-4D3F-B6E6-7BCA965DCDE3}"
EndProject
Project("{9A19103F-16F7-4668-BE54-9A1E7A4F7556}") = "R5T.T0150", "R5T.T0150\R5T.T0150.csproj", "{787A0A68-A375-46F8-B5AA-1C9BD5F7735B}"
EndProject
Global
	GlobalSection(SolutionConfigurationPlatforms) = preSolution
		Debug|Any CPU = Debug|Any CPU
		Release|Any CPU = Release|Any CPU
	EndGlobalSection
	GlobalSection(ProjectConfigurationPlatforms) = postSolution
		{E9F4448D-DB36-4D3F-B6E6-7BCA965DCDE3}.Debug|Any CPU.ActiveCfg = Debug|Any CPU
		{E9F4448D-DB36-4D3F-B6E6-7BCA965DCDE3}.Debug|Any CPU.Build.0 = Debug|Any CPU
		{E9F4448D-DB36-4D3F-B6E6-7BCA965DCDE3}.Release|Any CPU.ActiveCfg = Release|Any CPU
		{E9F4448D-DB36-4D3F-B6E6-7BCA965DCDE3}.Release|Any CPU.Build.0 = Release|Any CPU
		{787A0A68-A375-46F8-B5AA-1C9BD5F7735B}.Debug|Any CPU.ActiveCfg = Debug|Any CPU
		{787A0A68-A375-46F8-B5AA-1C9BD5F7735B}.Debug|Any CPU.Build.0 = Debug|Any CPU
		{787A0A68-A375-46F8-B5AA-1C9BD5F7735B}.Release|Any CPU.ActiveCfg = Release|Any CPU
		{787A0A68-A375-46F8-B5AA-1C9BD5F7735B}.Release|Any CPU.Build.0 = Release|Any CPU
	EndGlobalSection
	GlobalSection(SolutionProperties) = preSolution
		HideSolutionNode = FALSE
	EndGlobalSection
	GlobalSection(ExtensibilityGlobals) = postSolution
		SolutionGuid = {B7B771C8-E909-4617-A8FE-C6406D5E1CD6}
	EndGlobalSection
EndGlobal
